
Microsoft Visual Studio Solution File, Format Version 12.00
# Visual Studio Version 17
VisualStudioVersion = 17.14.36414.22 d17.14
MinimumVisualStudioVersion = 10.0.40219.1
Project("{2150E333-8FDC-42A3-9474-1A3956D46DE8}") = "Task0", "Task0", "{36D591C7-65C7-A0D1-1CBC-10CDE441BDC8}"
EndProject
Project("{FAE04EC0-301F-11D3-BF4B-00C04F79EFBC}") = "Tyuiu.YarkovSD.Sprint0.Task0.V0", "Tyuiu.YarkovSD.Sprint0.Task0.V0\Tyuiu.YarkovSD.Sprint0.Task0.V0.csproj", "{7AC6AF0C-8506-4B09-A6EA-2BCA761BDF3A}"
EndProject
Project("{2150E333-8FDC-42A3-9474-1A3956D46DE8}") = "Task1", "Task1", "{6685CF2A-C73E-4B07-A44B-9EEF8AA71B2E}"
EndProject
Project("{FAE04EC0-301F-11D3-BF4B-00C04F79EFBC}") = "Tyuiu.YarkovSD.Sprint0.Task1.V0", "Tyuiu.YarkovSD.Sprint0.Task1.V0\Tyuiu.YarkovSD.Sprint0.Task1.V0.csproj", "{73279C85-E9C1-40E4-94E6-0CE5C5E88925}"
EndProject
Project("{2150E333-8FDC-42A3-9474-1A3956D46DE8}") = "Task2", "Task2", "{1F141B70-6412-47EC-BD29-BA94BCFB705E}"
EndProject
Project("{FAE04EC0-301F-11D3-BF4B-00C04F79EFBC}") = "Tyuiu.YarkovSD.Sprint0.Task2.V0", "Tyuiu.YarkovSD.Sprint0.Task2.V0\Tyuiu.YarkovSD.Sprint0.Task2.V0.csproj", "{1E894B15-6EC0-4CA6-9274-A31CD4D4E357}"
EndProject
Project("{FAE04EC0-301F-11D3-BF4B-00C04F79EFBC}") = "Tyuiu.YarkovSD.Sprint0.Task2.V0.Lib", "Tyuiu.YarkovSD.Sprint0.Task2.V0.Lib\Tyuiu.YarkovSD.Sprint0.Task2.V0.Lib.csproj", "{9BEE35AC-750B-4F6B-92A9-EF9CE678073C}"
EndProject
Project("{FAE04EC0-301F-11D3-BF4B-00C04F79EFBC}") = "Tyuiu.YarkovSD.Sprint0.Task2.V0.Test", "Tyuiu.YarkovSD.Sprint0.Task2.V0.Test\Tyuiu.YarkovSD.Sprint0.Task2.V0.Test.csproj", "{70CB87CB-83C1-4FE1-B03F-0B6A75C02873}"
EndProject
Project("{2150E333-8FDC-42A3-9474-1A3956D46DE8}") = "Task3", "Task3", "{9A6D469A-AEC5-4C90-A6CA-7F64B96876AA}"
EndProject
Project("{FAE04EC0-301F-11D3-BF4B-00C04F79EFBC}") = "Tyuiu.YarkovSD.Sprint0.Task3.V0", "Tyuiu.YarkovSD.Sprint0.Task3.V0\Tyuiu.YarkovSD.Sprint0.Task3.V0.csproj", "{0874C1C9-C885-4DA5-8DFA-A215711E0F02}"
EndProject
Project("{FAE04EC0-301F-11D3-BF4B-00C04F79EFBC}") = "Tyuiu.YarkovSD.Sprint0.Task3.V0.Lib", "Tyuiu.YarkovSD.Sprint0.Task3.V0.Lib\Tyuiu.YarkovSD.Sprint0.Task3.V0.Lib.csproj", "{44285EE4-D432-4B90-BB16-432ED6EE32DB}"
EndProject
Project("{FAE04EC0-301F-11D3-BF4B-00C04F79EFBC}") = "Tyuiu.YarkovSD.Sprint0.Task3.V0.Test", "Tyuiu.YarkovSD.Sprint0.Task3.V0.Test\Tyuiu.YarkovSD.Sprint0.Task3.V0.Test.csproj", "{A30BB723-3AF5-4440-B5AC-28B6DC76850B}"
EndProject
Project("{2150E333-8FDC-42A3-9474-1A3956D46DE8}") = "Task4", "Task4", "{99579BF8-4B5B-4CCB-A10A-7F2C864CF332}"
EndProject
Project("{FAE04EC0-301F-11D3-BF4B-00C04F79EFBC}") = "Tyuiu.YarkovSD.Sprint0.Task4.V0", "Tyuiu.YarkovSD.Sprint0.Task4.V0\Tyuiu.YarkovSD.Sprint0.Task4.V0.csproj", "{B64E2558-DC66-4A7D-A796-ECE68E7B30D6}"
EndProject
Project("{FAE04EC0-301F-11D3-BF4B-00C04F79EFBC}") = "Tyuiu.YarkovSD.Sprint0.Task4.V0.Lib", "Tyuiu.YarkovSD.Sprint0.Task4.V0.Lib\Tyuiu.YarkovSD.Sprint0.Task4.V0.Lib.csproj", "{92FC573D-A513-4037-ADF1-33AA4668F456}"
EndProject
Project("{FAE04EC0-301F-11D3-BF4B-00C04F79EFBC}") = "Tyuiu.YarkovSD.Sprint0.Task4.V0.Test", "Tyuiu.YarkovSD.Sprint0.Task4.V0.Test\Tyuiu.YarkovSD.Sprint0.Task4.V0.Test.csproj", "{3386F561-22C7-41C4-B3CA-B5CC47DB06AE}"
EndProject
Global
	GlobalSection(SolutionConfigurationPlatforms) = preSolution
		Debug|Any CPU = Debug|Any CPU
		Release|Any CPU = Release|Any CPU
	EndGlobalSection
	GlobalSection(ProjectConfigurationPlatforms) = postSolution
		{7AC6AF0C-8506-4B09-A6EA-2BCA761BDF3A}.Debug|Any CPU.ActiveCfg = Debug|Any CPU
		{7AC6AF0C-8506-4B09-A6EA-2BCA761BDF3A}.Debug|Any CPU.Build.0 = Debug|Any CPU
		{7AC6AF0C-8506-4B09-A6EA-2BCA761BDF3A}.Release|Any CPU.ActiveCfg = Release|Any CPU
		{7AC6AF0C-8506-4B09-A6EA-2BCA761BDF3A}.Release|Any CPU.Build.0 = Release|Any CPU
		{73279C85-E9C1-40E4-94E6-0CE5C5E88925}.Debug|Any CPU.ActiveCfg = Debug|Any CPU
		{73279C85-E9C1-40E4-94E6-0CE5C5E88925}.Debug|Any CPU.Build.0 = Debug|Any CPU
		{73279C85-E9C1-40E4-94E6-0CE5C5E88925}.Release|Any CPU.ActiveCfg = Release|Any CPU
		{73279C85-E9C1-40E4-94E6-0CE5C5E88925}.Release|Any CPU.Build.0 = Release|Any CPU
		{1E894B15-6EC0-4CA6-9274-A31CD4D4E357}.Debug|Any CPU.ActiveCfg = Debug|Any CPU
		{1E894B15-6EC0-4CA6-9274-A31CD4D4E357}.Debug|Any CPU.Build.0 = Debug|Any CPU
		{1E894B15-6EC0-4CA6-9274-A31CD4D4E357}.Release|Any CPU.ActiveCfg = Release|Any CPU
		{1E894B15-6EC0-4CA6-9274-A31CD4D4E357}.Release|Any CPU.Build.0 = Release|Any CPU
		{9BEE35AC-750B-4F6B-92A9-EF9CE678073C}.Debug|Any CPU.ActiveCfg = Debug|Any CPU
		{9BEE35AC-750B-4F6B-92A9-EF9CE678073C}.Debug|Any CPU.Build.0 = Debug|Any CPU
		{9BEE35AC-750B-4F6B-92A9-EF9CE678073C}.Release|Any CPU.ActiveCfg = Release|Any CPU
		{9BEE35AC-750B-4F6B-92A9-EF9CE678073C}.Release|Any CPU.Build.0 = Release|Any CPU
		{70CB87CB-83C1-4FE1-B03F-0B6A75C02873}.Debug|Any CPU.ActiveCfg = Debug|Any CPU
		{70CB87CB-83C1-4FE1-B03F-0B6A75C02873}.Debug|Any CPU.Build.0 = Debug|Any CPU
		{70CB87CB-83C1-4FE1-B03F-0B6A75C02873}.Release|Any CPU.ActiveCfg = Release|Any CPU
		{70CB87CB-83C1-4FE1-B03F-0B6A75C02873}.Release|Any CPU.Build.0 = Release|Any CPU
		{0874C1C9-C885-4DA5-8DFA-A215711E0F02}.Debug|Any CPU.ActiveCfg = Debug|Any CPU
		{0874C1C9-C885-4DA5-8DFA-A215711E0F02}.Debug|Any CPU.Build.0 = Debug|Any CPU
		{0874C1C9-C885-4DA5-8DFA-A215711E0F02}.Release|Any CPU.ActiveCfg = Release|Any CPU
		{0874C1C9-C885-4DA5-8DFA-A215711E0F02}.Release|Any CPU.Build.0 = Release|Any CPU
		{44285EE4-D432-4B90-BB16-432ED6EE32DB}.Debug|Any CPU.ActiveCfg = Debug|Any CPU
		{44285EE4-D432-4B90-BB16-432ED6EE32DB}.Debug|Any CPU.Build.0 = Debug|Any CPU
		{44285EE4-D432-4B90-BB16-432ED6EE32DB}.Release|Any CPU.ActiveCfg = Release|Any CPU
		{44285EE4-D432-4B90-BB16-432ED6EE32DB}.Release|Any CPU.Build.0 = Release|Any CPU
		{A30BB723-3AF5-4440-B5AC-28B6DC76850B}.Debug|Any CPU.ActiveCfg = Debug|Any CPU
		{A30BB723-3AF5-4440-B5AC-28B6DC76850B}.Debug|Any CPU.Build.0 = Debug|Any CPU
		{A30BB723-3AF5-4440-B5AC-28B6DC76850B}.Release|Any CPU.ActiveCfg = Release|Any CPU
		{A30BB723-3AF5-4440-B5AC-28B6DC76850B}.Release|Any CPU.Build.0 = Release|Any CPU
		{B64E2558-DC66-4A7D-A796-ECE68E7B30D6}.Debug|Any CPU.ActiveCfg = Debug|Any CPU
		{B64E2558-DC66-4A7D-A796-ECE68E7B30D6}.Debug|Any CPU.Build.0 = Debug|Any CPU
		{B64E2558-DC66-4A7D-A796-ECE68E7B30D6}.Release|Any CPU.ActiveCfg = Release|Any CPU
		{B64E2558-DC66-4A7D-A796-ECE68E7B30D6}.Release|Any CPU.Build.0 = Release|Any CPU
		{92FC573D-A513-4037-ADF1-33AA4668F456}.Debug|Any CPU.ActiveCfg = Debug|Any CPU
		{92FC573D-A513-4037-ADF1-33AA4668F456}.Debug|Any CPU.Build.0 = Debug|Any CPU
		{92FC573D-A513-4037-ADF1-33AA4668F456}.Release|Any CPU.ActiveCfg = Release|Any CPU
		{92FC573D-A513-4037-ADF1-33AA4668F456}.Release|Any CPU.Build.0 = Release|Any CPU
		{3386F561-22C7-41C4-B3CA-B5CC47DB06AE}.Debug|Any CPU.ActiveCfg = Debug|Any CPU
		{3386F561-22C7-41C4-B3CA-B5CC47DB06AE}.Debug|Any CPU.Build.0 = Debug|Any CPU
		{3386F561-22C7-41C4-B3CA-B5CC47DB06AE}.Release|Any CPU.ActiveCfg = Release|Any CPU
		{3386F561-22C7-41C4-B3CA-B5CC47DB06AE}.Release|Any CPU.Build.0 = Release|Any CPU
	EndGlobalSection
	GlobalSection(SolutionProperties) = preSolution
		HideSolutionNode = FALSE
	EndGlobalSection
	GlobalSection(NestedProjects) = preSolution
		{7AC6AF0C-8506-4B09-A6EA-2BCA761BDF3A} = {36D591C7-65C7-A0D1-1CBC-10CDE441BDC8}
		{73279C85-E9C1-40E4-94E6-0CE5C5E88925} = {6685CF2A-C73E-4B07-A44B-9EEF8AA71B2E}
		{1E894B15-6EC0-4CA6-9274-A31CD4D4E357} = {1F141B70-6412-47EC-BD29-BA94BCFB705E}
		{9BEE35AC-750B-4F6B-92A9-EF9CE678073C} = {1F141B70-6412-47EC-BD29-BA94BCFB705E}
		{70CB87CB-83C1-4FE1-B03F-0B6A75C02873} = {1F141B70-6412-47EC-BD29-BA94BCFB705E}
		{0874C1C9-C885-4DA5-8DFA-A215711E0F02} = {9A6D469A-AEC5-4C90-A6CA-7F64B96876AA}
		{44285EE4-D432-4B90-BB16-432ED6EE32DB} = {9A6D469A-AEC5-4C90-A6CA-7F64B96876AA}
		{A30BB723-3AF5-4440-B5AC-28B6DC76850B} = {9A6D469A-AEC5-4C90-A6CA-7F64B96876AA}
		{B64E2558-DC66-4A7D-A796-ECE68E7B30D6} = {99579BF8-4B5B-4CCB-A10A-7F2C864CF332}
		{92FC573D-A513-4037-ADF1-33AA4668F456} = {99579BF8-4B5B-4CCB-A10A-7F2C864CF332}
		{3386F561-22C7-41C4-B3CA-B5CC47DB06AE} = {99579BF8-4B5B-4CCB-A10A-7F2C864CF332}
	EndGlobalSection
	GlobalSection(ExtensibilityGlobals) = postSolution
		SolutionGuid = {AC0BA941-43FC-4AB7-8F55-A6A059150860}
	EndGlobalSection
EndGlobal
